github.com/dnaeon/go-vcr v1.0.1/go.mod h1:aBB1+wY4s93YsC3HHjMBMrwTj2R9FHDzUr9KyGc8n1E=
github.com/scaleway/scaleway-sdk-go v1.0.0-beta.6 h1:C1/pvkxkGN/H03mDxLzItaceYJDBk1HdClgR15suAzI=
github.com/scaleway/scaleway-sdk-go v1.0.0-beta.6/go.mod h1:CJJ5VAbozOl0yEw7nHB9+7BXTJbIn6h7W+f6Gau5IP8=
gopkg.in/check.v1 v0.0.0-20161208181325-20d25e280405/go.mod h1:Co6ibVJAznAaIkqp8huTwlJQCZ016jof/cbN4VW5Yz0=
gopkg.in/yaml.v2 v2.2.2/go.mod h1:hI93XBmqTisBFMUTm0b8Fm+jr3Dg1NNxqwp+5A1VGuI=
